{
  "version": 4,
  "terraform_version": "0.15.4",
  "serial": 3,
  "lineage": "ddc8c0f7-2bb8-429a-e387-4065aa7e207c",
  "outputs": {},
  "resources": [
    {
      "mode": "managed",
      "type": "github_repository",
      "name": "example-repo",
      "provider": "provider[\"registry.terraform.io/hashicorp/github\"]",
      "instances": [
        {
          "schema_version": 0,
          "attributes": {
            "allow_merge_commit": true,
            "allow_rebase_merge": true,
            "allow_squash_merge": true,
            "archive_on_destroy": null,
            "archived": false,
            "auto_init": null,
            "default_branch": "main",
            "delete_branch_on_merge": false,
            "description": "My new repository for use with Terraform",
            "etag": "W/\"32517b1fc6912adbe045bef30b334cc7566bc053595828d4201e6a35e8ed9a64\"",
            "full_name": "miklosmuller/example-repo",
            "git_clone_url": "git://github.com/miklosmuller/example-repo.git",
            "gitignore_template": null,
            "has_downloads": false,
            "has_issues": false,
            "has_projects": false,
            "has_wiki": false,
            "homepage_url": "",
            "html_url": "https://github.com/miklosmuller/example-repo",
            "http_clone_url": "https://github.com/miklosmuller/example-repo.git",
            "id": "example-repo",
            "is_template": false,
            "license_template": null,
            "name": "example-repo",
            "node_id": "MDEwOlJlcG9zaXRvcnkzNzcwOTk1MjE=",
            "pages": [],
            "private": false,
            "repo_id": 377099521,
            "ssh_clone_url": "git@github.com:miklosmuller/example-repo.git",
            "svn_url": "https://github.com/miklosmuller/example-repo",
            "template": [],
            "topics": null,
            "visibility": "public",
            "vulnerability_alerts": false
          },
          "sensitive_attributes": [],
          "private": "bnVsbA=="
        }
      ]
    }
  ]
}
